// !$*UTF8*$!
{
	archiveVersion = 1;
	classes = {
	};
	objectVersion = 50;
	objects = {

/* Begin PBXBuildFile section */
		AC5233A62667E7920072976C /* AppDelegate.swift in Sources */ = {isa = PBXBuildFile; fileRef = AC5233A52667E7920072976C /* AppDelegate.swift */; };
		AC5233A82667E7920072976C /* SceneDelegate.swift in Sources */ = {isa = PBXBuildFile; fileRef = AC5233A72667E7920072976C /* SceneDelegate.swift */; };
		AC5233AA2667E7920072976C /* ViewController.swift in Sources */ = {isa = PBXBuildFile; fileRef = AC5233A92667E7920072976C /* ViewController.swift */; };
		AC5233AD2667E7920072976C /* Main.storyboard in Resources */ = {isa = PBXBuildFile; fileRef = AC5233AB2667E7920072976C /* Main.storyboard */; };
		AC5233AF2667E79E0072976C /* Assets.xcassets in Resources */ = {isa = PBXBuildFile; fileRef = AC5233AE2667E79E0072976C /* Assets.xcassets */; };
		AC5233B22667E79E0072976C /* LaunchScreen.storyboard in Resources */ = {isa = PBXBuildFile; fileRef = AC5233B02667E79E0072976C /* LaunchScreen.storyboard */; };
		AC5233F8266910610072976C /* ChoiceViewController.swift in Sources */ = {isa = PBXBuildFile; fileRef = AC5233F7266910610072976C /* ChoiceViewController.swift */; };
		AC5233FC266911BC0072976C /* ChoiceStoryboard.storyboard in Resources */ = {isa = PBXBuildFile; fileRef = AC5233FB266911BC0072976C /* ChoiceStoryboard.storyboard */; };
		AC52340026691B0A0072976C /* PizzaManagerApi.swift in Sources */ = {isa = PBXBuildFile; fileRef = AC5233FF26691B0A0072976C /* PizzaManagerApi.swift */; };
		AC52340626691E630072976C /* PizzaModel.swift in Sources */ = {isa = PBXBuildFile; fileRef = AC52340526691E630072976C /* PizzaModel.swift */; };
		ACB46073266967230078DC20 /* ChoiceViewModel.swift in Sources */ = {isa = PBXBuildFile; fileRef = ACB46072266967230078DC20 /* ChoiceViewModel.swift */; };
		ACB4607C266971CC0078DC20 /* HttpError.swift in Sources */ = {isa = PBXBuildFile; fileRef = ACB4607B266971CC0078DC20 /* HttpError.swift */; };
		ACB46082266992720078DC20 /* ImageUrlConvert.swift in Sources */ = {isa = PBXBuildFile; fileRef = ACB46081266992720078DC20 /* ImageUrlConvert.swift */; };
		ACB460892669A3770078DC20 /* PizzaTableViewCell.swift in Sources */ = {isa = PBXBuildFile; fileRef = ACB460872669A3770078DC20 /* PizzaTableViewCell.swift */; };
		ACB4608A2669A3770078DC20 /* PizzaTableViewCell.xib in Resources */ = {isa = PBXBuildFile; fileRef = ACB460882669A3770078DC20 /* PizzaTableViewCell.xib */; };
		ACB4609B266AB6040078DC20 /* DetailStoryboard.storyboard in Resources */ = {isa = PBXBuildFile; fileRef = ACB4609A266AB6040078DC20 /* DetailStoryboard.storyboard */; };
		ACB4609E266AC6660078DC20 /* DetailViewController.swift in Sources */ = {isa = PBXBuildFile; fileRef = ACB4609D266AC6660078DC20 /* DetailViewController.swift */; };
		ACB460A1266ADD910078DC20 /* DetailViewModel.swift in Sources */ = {isa = PBXBuildFile; fileRef = ACB460A0266ADD910078DC20 /* DetailViewModel.swift */; };
/* End PBXBuildFile section */

/* Begin PBXFileReference section */
		AC5233A22667E7920072976C /* AppPizza.app */ = {isa = PBXFileReference; explicitFileType = wrapper.application; includeInIndex = 0; path = AppPizza.app; sourceTree = BUILT_PRODUCTS_DIR; };
		AC5233A52667E7920072976C /* AppDelegate.swift */ = {isa = PBXFileReference; lastKnownFileType = sourcecode.swift; path = AppDelegate.swift; sourceTree = "<group>"; };
		AC5233A72667E7920072976C /* SceneDelegate.swift */ = {isa = PBXFileReference; lastKnownFileType = sourcecode.swift; path = SceneDelegate.swift; sourceTree = "<group>"; };
		AC5233A92667E7920072976C /* ViewController.swift */ = {isa = PBXFileReference; lastKnownFileType = sourcecode.swift; path = ViewController.swift; sourceTree = "<group>"; };
		AC5233AC2667E7920072976C /* Base */ = {isa = PBXFileReference; lastKnownFileType = file.storyboard; name = Base; path = Base.lproj/Main.storyboard; sourceTree = "<group>"; };
		AC5233AE2667E79E0072976C /* Assets.xcassets */ = {isa = PBXFileReference; lastKnownFileType = folder.assetcatalog; path = Assets.xcassets; sourceTree = "<group>"; };
		AC5233B12667E79E0072976C /* Base */ = {isa = PBXFileReference; lastKnownFileType = file.storyboard; name = Base; path = Base.lproj/LaunchScreen.storyboard; sourceTree = "<group>"; };
		AC5233B32667E79E0072976C /* Info.plist */ = {isa = PBXFileReference; lastKnownFileType = text.plist.xml; path = Info.plist; sourceTree = "<group>"; };
		AC5233F7266910610072976C /* ChoiceViewController.swift */ = {isa = PBXFileReference; lastKnownFileType = sourcecode.swift; path = ChoiceViewController.swift; sourceTree = "<group>"; };
		AC5233FB266911BC0072976C /* ChoiceStoryboard.storyboard */ = {isa = PBXFileReference; lastKnownFileType = file.storyboard; path = ChoiceStoryboard.storyboard; sourceTree = "<group>"; };
		AC5233FF26691B0A0072976C /* PizzaManagerApi.swift */ = {isa = PBXFileReference; lastKnownFileType = sourcecode.swift; path = PizzaManagerApi.swift; sourceTree = "<group>"; };
		AC52340526691E630072976C /* PizzaModel.swift */ = {isa = PBXFileReference; lastKnownFileType = sourcecode.swift; path = PizzaModel.swift; sourceTree = "<group>"; };
		ACB46072266967230078DC20 /* ChoiceViewModel.swift */ = {isa = PBXFileReference; lastKnownFileType = sourcecode.swift; path = ChoiceViewModel.swift; sourceTree = "<group>"; };
		ACB4607B266971CC0078DC20 /* HttpError.swift */ = {isa = PBXFileReference; lastKnownFileType = sourcecode.swift; path = HttpError.swift; sourceTree = "<group>"; };
		ACB46081266992720078DC20 /* ImageUrlConvert.swift */ = {isa = PBXFileReference; lastKnownFileType = sourcecode.swift; path = ImageUrlConvert.swift; sourceTree = "<group>"; };
		ACB460872669A3770078DC20 /* PizzaTableViewCell.swift */ = {isa = PBXFileReference; lastKnownFileType = sourcecode.swift; path = PizzaTableViewCell.swift; sourceTree = "<group>"; };
		ACB460882669A3770078DC20 /* PizzaTableViewCell.xib */ = {isa = PBXFileReference; lastKnownFileType = file.xib; path = PizzaTableViewCell.xib; sourceTree = "<group>"; };
		ACB4609A266AB6040078DC20 /* DetailStoryboard.storyboard */ = {isa = PBXFileReference; lastKnownFileType = file.storyboard; path = DetailStoryboard.storyboard; sourceTree = "<group>"; };
		ACB4609D266AC6660078DC20 /* DetailViewController.swift */ = {isa = PBXFileReference; lastKnownFileType = sourcecode.swift; path = DetailViewController.swift; sourceTree = "<group>"; };
		ACB460A0266ADD910078DC20 /* DetailViewModel.swift */ = {isa = PBXFileReference; lastKnownFileType = sourcecode.swift; path = DetailViewModel.swift; sourceTree = "<group>"; };
/* End PBXFileReference section */

/* Begin PBXFrameworksBuildPhase section */
		AC52339F2667E7910072976C /* Frameworks */ = {
			isa = PBXFrameworksBuildPhase;
			buildActionMask = 2147483647;
			files = (
			);
			runOnlyForDeploymentPostprocessing = 0;
		};
/* End PBXFrameworksBuildPhase section */

/* Begin PBXGroup section */
		AC5233992667E7910072976C = {
			isa = PBXGroup;
			children = (
				AC5233A42667E7920072976C /* AppPizza */,
				AC5233A32667E7920072976C /* Products */,
			);
			sourceTree = "<group>";
		};
		AC5233A32667E7920072976C /* Products */ = {
			isa = PBXGroup;
			children = (
				AC5233A22667E7920072976C /* AppPizza.app */,
			);
			name = Products;
			sourceTree = "<group>";
		};
		AC5233A42667E7920072976C /* AppPizza */ = {
			isa = PBXGroup;
			children = (
				ACB4607A266971C10078DC20 /* Utils */,
				ACB46095266AB4FC0078DC20 /* Detail */,
				AC5233F226690FFC0072976C /* Choice */,
				AC5233BF2667F6200072976C /* Login */,
				AC5233A52667E7920072976C /* AppDelegate.swift */,
				AC5233A72667E7920072976C /* SceneDelegate.swift */,
				AC5233AE2667E79E0072976C /* Assets.xcassets */,
				AC5233B02667E79E0072976C /* LaunchScreen.storyboard */,
				AC5233B32667E79E0072976C /* Info.plist */,
			);
			path = AppPizza;
			sourceTree = "<group>";
		};
		AC5233BA2667F4F50072976C /* View */ = {
			isa = PBXGroup;
			children = (
				AC5233AB2667E7920072976C /* Main.storyboard */,
			);
			path = View;
			sourceTree = "<group>";
		};
		AC5233BB2667F5040072976C /* Controller */ = {
			isa = PBXGroup;
			children = (
				AC5233A92667E7920072976C /* ViewController.swift */,
			);
			path = Controller;
			sourceTree = "<group>";
		};
		AC5233BD2667F5270072976C /* Model */ = {
			isa = PBXGroup;
			children = (
			);
			path = Model;
			sourceTree = "<group>";
		};
		AC5233BE2667F5630072976C /* ViewModel */ = {
			isa = PBXGroup;
			children = (
			);
			path = ViewModel;
			sourceTree = "<group>";
		};
		AC5233BF2667F6200072976C /* Login */ = {
			isa = PBXGroup;
			children = (
				AC5233BE2667F5630072976C /* ViewModel */,
				AC5233BD2667F5270072976C /* Model */,
				AC5233BA2667F4F50072976C /* View */,
				AC5233BB2667F5040072976C /* Controller */,
			);
			path = Login;
			sourceTree = "<group>";
		};
		AC5233F226690FFC0072976C /* Choice */ = {
			isa = PBXGroup;
			children = (
				AC5233FE26691A740072976C /* API */,
				AC5233F3266910110072976C /* ViewModel */,
				AC5233F42669101C0072976C /* Model */,
				AC5233F5266910230072976C /* View */,
				AC5233F6266910290072976C /* Controller */,
			);
			path = Choice;
			sourceTree = "<group>";
		};
		AC5233F3266910110072976C /* ViewModel */ = {
			isa = PBXGroup;
			children = (
				ACB46072266967230078DC20 /* ChoiceViewModel.swift */,
			);
			path = ViewModel;
			sourceTree = "<group>";
		};
		AC5233F42669101C0072976C /* Model */ = {
			isa = PBXGroup;
			children = (
				AC52340526691E630072976C /* PizzaModel.swift */,
			);
			path = Model;
			sourceTree = "<group>";
		};
		AC5233F5266910230072976C /* View */ = {
			isa = PBXGroup;
			children = (
				AC5233FB266911BC0072976C /* ChoiceStoryboard.storyboard */,
				ACB460882669A3770078DC20 /* PizzaTableViewCell.xib */,
				ACB460872669A3770078DC20 /* PizzaTableViewCell.swift */,
			);
			path = View;
			sourceTree = "<group>";
		};
		AC5233F6266910290072976C /* Controller */ = {
			isa = PBXGroup;
			children = (
				AC5233F7266910610072976C /* ChoiceViewController.swift */,
			);
			path = Controller;
			sourceTree = "<group>";
		};
		AC5233FE26691A740072976C /* API */ = {
			isa = PBXGroup;
			children = (
				AC5233FF26691B0A0072976C /* PizzaManagerApi.swift */,
			);
			path = API;
			sourceTree = "<group>";
		};
		ACB4607A266971C10078DC20 /* Utils */ = {
			isa = PBXGroup;
			children = (
				ACB4607B266971CC0078DC20 /* HttpError.swift */,
				ACB46081266992720078DC20 /* ImageUrlConvert.swift */,
			);
			path = Utils;
			sourceTree = "<group>";
		};
		ACB46095266AB4FC0078DC20 /* Detail */ = {
			isa = PBXGroup;
			children = (
				ACB46098266AB52C0078DC20 /* ViewModel */,
				ACB46097266AB51F0078DC20 /* Model */,
				ACB46096266AB5160078DC20 /* View */,
				ACB46099266AB53A0078DC20 /* Controller */,
			);
			path = Detail;
			sourceTree = "<group>";
		};
		ACB46096266AB5160078DC20 /* View */ = {
			isa = PBXGroup;
			children = (
				ACB4609A266AB6040078DC20 /* DetailStoryboard.storyboard */,
			);
			path = View;
			sourceTree = "<group>";
		};
		ACB46097266AB51F0078DC20 /* Model */ = {
			isa = PBXGroup;
			children = (
			);
			path = Model;
			sourceTree = "<group>";
		};
		ACB46098266AB52C0078DC20 /* ViewModel */ = {
			isa = PBXGroup;
			children = (
				ACB460A0266ADD910078DC20 /* DetailViewModel.swift */,
			);
			path = ViewModel;
			sourceTree = "<group>";
		};
		ACB46099266AB53A0078DC20 /* Controller */ = {
			isa = PBXGroup;
			children = (
				ACB4609D266AC6660078DC20 /* DetailViewController.swift */,
			);
			path = Controller;
			sourceTree = "<group>";
		};
/* End PBXGroup section */

/* Begin PBXNativeTarget section */
		AC5233A12667E7910072976C /* AppPizza */ = {
			isa = PBXNativeTarget;
			buildConfigurationList = AC5233B62667E79E0072976C /* Build configuration list for PBXNativeTarget "AppPizza" */;
			buildPhases = (
				AC52339E2667E7910072976C /* Sources */,
				AC52339F2667E7910072976C /* Frameworks */,
				AC5233A02667E7910072976C /* Resources */,
			);
			buildRules = (
			);
			dependencies = (
			);
			name = AppPizza;
			productName = AppPizza;
			productReference = AC5233A22667E7920072976C /* AppPizza.app */;
			productType = "com.apple.product-type.application";
		};
/* End PBXNativeTarget section */

/* Begin PBXProject section */
		AC52339A2667E7910072976C /* Project object */ = {
			isa = PBXProject;
			attributes = {
				LastSwiftUpdateCheck = 1240;
				LastUpgradeCheck = 1240;
				TargetAttributes = {
					AC5233A12667E7910072976C = {
						CreatedOnToolsVersion = 12.4;
					};
				};
			};
			buildConfigurationList = AC52339D2667E7910072976C /* Build configuration list for PBXProject "AppPizza" */;
			compatibilityVersion = "Xcode 9.3";
			developmentRegion = en;
			hasScannedForEncodings = 0;
			knownRegions = (
				en,
				Base,
			);
			mainGroup = AC5233992667E7910072976C;
			productRefGroup = AC5233A32667E7920072976C /* Products */;
			projectDirPath = "";
			projectRoot = "";
			targets = (
				AC5233A12667E7910072976C /* AppPizza */,
			);
		};
/* End PBXProject section */

/* Begin PBXResourcesBuildPhase section */
		AC5233A02667E7910072976C /* Resources */ = {
			isa = PBXResourcesBuildPhase;
			buildActionMask = 2147483647;
			files = (
				AC5233B22667E79E0072976C /* LaunchScreen.storyboard in Resources */,
				AC5233AF2667E79E0072976C /* Assets.xcassets in Resources */,
				ACB4609B266AB6040078DC20 /* DetailStoryboard.storyboard in Resources */,
				ACB4608A2669A3770078DC20 /* PizzaTableViewCell.xib in Resources */,
				AC5233FC266911BC0072976C /* ChoiceStoryboard.storyboard in Resources */,
				AC5233AD2667E7920072976C /* Main.storyboard in Resources */,
			);
			runOnlyForDeploymentPostprocessing = 0;
		};
/* End PBXResourcesBuildPhase section */

/* Begin PBXSourcesBuildPhase section */
		AC52339E2667E7910072976C /* Sources */ = {
			isa = PBXSourcesBuildPhase;
			buildActionMask = 2147483647;
			files = (
				ACB4609E266AC6660078DC20 /* DetailViewController.swift in Sources */,
				AC5233AA2667E7920072976C /* ViewController.swift in Sources */,
				ACB4607C266971CC0078DC20 /* HttpError.swift in Sources */,
				AC5233A62667E7920072976C /* AppDelegate.swift in Sources */,
				AC52340626691E630072976C /* PizzaModel.swift in Sources */,
				ACB460892669A3770078DC20 /* PizzaTableViewCell.swift in Sources */,
				AC5233A82667E7920072976C /* SceneDelegate.swift in Sources */,
				ACB460A1266ADD910078DC20 /* DetailViewModel.swift in Sources */,
				AC52340026691B0A0072976C /* PizzaManagerApi.swift in Sources */,
				ACB46082266992720078DC20 /* ImageUrlConvert.swift in Sources */,
				AC5233F8266910610072976C /* ChoiceViewController.swift in Sources */,
				ACB46073266967230078DC20 /* ChoiceViewModel.swift in Sources */,
			);
			runOnlyForDeploymentPostprocessing = 0;
		};
/* End PBXSourcesBuildPhase section */

/* Begin PBXVariantGroup section */
		AC5233AB2667E7920072976C /* Main.storyboard */ = {
			isa = PBXVariantGroup;
			children = (
				AC5233AC2667E7920072976C /* Base */,
			);
			name = Main.storyboard;
			sourceTree = "<group>";
		};
		AC5233B02667E79E0072976C /* LaunchScreen.storyboard */ = {
			isa = PBXVariantGroup;
			children = (
				AC5233B12667E79E0072976C /* Base */,
			);
			name = LaunchScreen.storyboard;
			sourceTree = "<group>";
		};
/* End PBXVariantGroup section */

/* Begin XCBuildConfiguration section */
		AC5233B42667E79E0072976C /* Debug */ = {
			isa = XCBuildConfiguration;
			buildSettings = {
				ALWAYS_SEARCH_USER_PATHS = NO;
				CLANG_ANALYZER_NONNULL = YES;
				CLANG_ANALYZER_NUMBER_OBJECT_CONVERSION = YES_AGGRESSIVE;
				CLANG_CXX_LANGUAGE_STANDARD = "gnu++14";
				CLANG_CXX_LIBRARY = "libc++";
				CLANG_ENABLE_MODULES = YES;
				CLANG_ENABLE_OBJC_ARC = YES;
				CLANG_ENABLE_OBJC_WEAK = YES;
				CLANG_WARN_BLOCK_CAPTURE_AUTORELEASING = YES;
				CLANG_WARN_BOOL_CONVERSION = YES;
				CLANG_WARN_COMMA = YES;
				CLANG_WARN_CONSTANT_CONVERSION = YES;
				CLANG_WARN_DEPRECATED_OBJC_IMPLEMENTATIONS = YES;
				CLANG_WARN_DIRECT_OBJC_ISA_USAGE = YES_ERROR;
				CLANG_WARN_DOCUMENTATION_COMMENTS = YES;
				CLANG_WARN_EMPTY_BODY = YES;
				CLANG_WARN_ENUM_CONVERSION = YES;
				CLANG_WARN_INFINITE_RECURSION = YES;
				CLANG_WARN_INT_CONVERSION = YES;
				CLANG_WARN_NON_LITERAL_NULL_CONVERSION = YES;
				CLANG_WARN_OBJC_IMPLICIT_RETAIN_SELF = YES;
				CLANG_WARN_OBJC_LITERAL_CONVERSION = YES;
				CLANG_WARN_OBJC_ROOT_CLASS = YES_ERROR;
				CLANG_WARN_QUOTED_INCLUDE_IN_FRAMEWORK_HEADER = YES;
				CLANG_WARN_RANGE_LOOP_ANALYSIS = YES;
				CLANG_WARN_STRICT_PROTOTYPES = YES;
				CLANG_WARN_SUSPICIOUS_MOVE = YES;
				CLANG_WARN_UNGUARDED_AVAILABILITY = YES_AGGRESSIVE;
				CLANG_WARN_UNREACHABLE_CODE = YES;
				CLANG_WARN__DUPLICATE_METHOD_MATCH = YES;
				COPY_PHASE_STRIP = NO;
				DEBUG_INFORMATION_FORMAT = dwarf;
				ENABLE_STRICT_OBJC_MSGSEND = YES;
				ENABLE_TESTABILITY = YES;
				GCC_C_LANGUAGE_STANDARD = gnu11;
				GCC_DYNAMIC_NO_PIC = NO;
				GCC_NO_COMMON_BLOCKS = YES;
				GCC_OPTIMIZATION_LEVEL = 0;
				GCC_PREPROCESSOR_DEFINITIONS = (
					"DEBUG=1",
					"$(inherited)",
				);
				GCC_WARN_64_TO_32_BIT_CONVERSION = YES;
				GCC_WARN_ABOUT_RETURN_TYPE = YES_ERROR;
				GCC_WARN_UNDECLARED_SELECTOR = YES;
				GCC_WARN_UNINITIALIZED_AUTOS = YES_AGGRESSIVE;
				GCC_WARN_UNUSED_FUNCTION = YES;
				GCC_WARN_UNUSED_VARIABLE = YES;
				IPHONEOS_DEPLOYMENT_TARGET = 14.4;
				MTL_ENABLE_DEBUG_INFO = INCLUDE_SOURCE;
				MTL_FAST_MATH = YES;
				ONLY_ACTIVE_ARCH = YES;
				SDKROOT = iphoneos;
				SWIFT_ACTIVE_COMPILATION_CONDITIONS = DEBUG;
				SWIFT_OPTIMIZATION_LEVEL = "-Onone";
			};
			name = Debug;
		};
		AC5233B52667E79E0072976C /* Release */ = {
			isa = XCBuildConfiguration;
			buildSettings = {
				ALWAYS_SEARCH_USER_PATHS = NO;
				CLANG_ANALYZER_NONNULL = YES;
				CLANG_ANALYZER_NUMBER_OBJECT_CONVERSION = YES_AGGRESSIVE;
				CLANG_CXX_LANGUAGE_STANDARD = "gnu++14";
				CLANG_CXX_LIBRARY = "libc++";
				CLANG_ENABLE_MODULES = YES;
				CLANG_ENABLE_OBJC_ARC = YES;
				CLANG_ENABLE_OBJC_WEAK = YES;
				CLANG_WARN_BLOCK_CAPTURE_AUTORELEASING = YES;
				CLANG_WARN_BOOL_CONVERSION = YES;
				CLANG_WARN_COMMA = YES;
				CLANG_WARN_CONSTANT_CONVERSION = YES;
				CLANG_WARN_DEPRECATED_OBJC_IMPLEMENTATIONS = YES;
				CLANG_WARN_DIRECT_OBJC_ISA_USAGE = YES_ERROR;
				CLANG_WARN_DOCUMENTATION_COMMENTS = YES;
				CLANG_WARN_EMPTY_BODY = YES;
				CLANG_WARN_ENUM_CONVERSION = YES;
				CLANG_WARN_INFINITE_RECURSION = YES;
				CLANG_WARN_INT_CONVERSION = YES;
				CLANG_WARN_NON_LITERAL_NULL_CONVERSION = YES;
				CLANG_WARN_OBJC_IMPLICIT_RETAIN_SELF = YES;
				CLANG_WARN_OBJC_LITERAL_CONVERSION = YES;
				CLANG_WARN_OBJC_ROOT_CLASS = YES_ERROR;
				CLANG_WARN_QUOTED_INCLUDE_IN_FRAMEWORK_HEADER = YES;
				CLANG_WARN_RANGE_LOOP_ANALYSIS = YES;
				CLANG_WARN_STRICT_PROTOTYPES = YES;
				CLANG_WARN_SUSPICIOUS_MOVE = YES;
				CLANG_WARN_UNGUARDED_AVAILABILITY = YES_AGGRESSIVE;
				CLANG_WARN_UNREACHABLE_CODE = YES;
				CLANG_WARN__DUPLICATE_METHOD_MATCH = YES;
				COPY_PHASE_STRIP = NO;
				DEBUG_INFORMATION_FORMAT = "dwarf-with-dsym";
				ENABLE_NS_ASSERTIONS = NO;
				ENABLE_STRICT_OBJC_MSGSEND = YES;
				GCC_C_LANGUAGE_STANDARD = gnu11;
				GCC_NO_COMMON_BLOCKS = YES;
				GCC_WARN_64_TO_32_BIT_CONVERSION = YES;
				GCC_WARN_ABOUT_RETURN_TYPE = YES_ERROR;
				GCC_WARN_UNDECLARED_SELECTOR = YES;
				GCC_WARN_UNINITIALIZED_AUTOS = YES_AGGRESSIVE;
				GCC_WARN_UNUSED_FUNCTION = YES;
				GCC_WARN_UNUSED_VARIABLE = YES;
				IPHONEOS_DEPLOYMENT_TARGET = 14.4;
				MTL_ENABLE_DEBUG_INFO = NO;
				MTL_FAST_MATH = YES;
				SDKROOT = iphoneos;
				SWIFT_COMPILATION_MODE = wholemodule;
				SWIFT_OPTIMIZATION_LEVEL = "-O";
				VALIDATE_PRODUCT = YES;
			};
			name = Release;
		};
		AC5233B72667E79E0072976C /* Debug */ = {
			isa = XCBuildConfiguration;
			buildSettings = {
				ASSETCATALOG_COMPILER_APPICON_NAME = AppIcon;
				ASSETCATALOG_COMPILER_GLOBAL_ACCENT_COLOR_NAME = AccentColor;
				CODE_SIGN_STYLE = Automatic;
				INFOPLIST_FILE = AppPizza/Info.plist;
				LD_RUNPATH_SEARCH_PATHS = (
					"$(inherited)",
					"@executable_path/Frameworks",
				);
				PRODUCT_BUNDLE_IDENTIFIER = MilenaCompany.AppPizza;
				PRODUCT_NAME = "$(TARGET_NAME)";
				SWIFT_VERSION = 5.0;
				TARGETED_DEVICE_FAMILY = "1,2";
			};
			name = Debug;
		};
		AC5233B82667E79E0072976C /* Release */ = {
			isa = XCBuildConfiguration;
			buildSettings = {
				ASSETCATALOG_COMPILER_APPICON_NAME = AppIcon;
				ASSETCATALOG_COMPILER_GLOBAL_ACCENT_COLOR_NAME = AccentColor;
				CODE_SIGN_STYLE = Automatic;
				INFOPLIST_FILE = AppPizza/Info.plist;
				LD_RUNPATH_SEARCH_PATHS = (
					"$(inherited)",
					"@executable_path/Frameworks",
				);
				PRODUCT_BUNDLE_IDENTIFIER = MilenaCompany.AppPizza;
				PRODUCT_NAME = "$(TARGET_NAME)";
				SWIFT_VERSION = 5.0;
				TARGETED_DEVICE_FAMILY = "1,2";
			};
			name = Release;
		};
/* End XCBuildConfiguration section */

/* Begin XCConfigurationList section */
		AC52339D2667E7910072976C /* Build configuration list for PBXProject "AppPizza" */ = {
			isa = XCConfigurationList;
			buildConfigurations = (
				AC5233B42667E79E0072976C /* Debug */,
				AC5233B52667E79E0072976C /* Release */,
			);
			defaultConfigurationIsVisible = 0;
			defaultConfigurationName = Release;
		};
		AC5233B62667E79E0072976C /* Build configuration list for PBXNativeTarget "AppPizza" */ = {
			isa = XCConfigurationList;
			buildConfigurations = (
				AC5233B72667E79E0072976C /* Debug */,
				AC5233B82667E79E0072976C /* Release */,
			);
			defaultConfigurationIsVisible = 0;
			defaultConfigurationName = Release;
		};
/* End XCConfigurationList section */
	};
	rootObject = AC52339A2667E7910072976C /* Project object */;
}
